Microsoft Visual Studio Solution File, Format Version 12.00
# Visual Studio Version 16
VisualStudioVersion = 16.0.30330.147
MinimumVisualStudioVersion = 10.0.40219.1
Project("{FAE04EC0-301F-11D3-BF4B-00C04F79EFBC}") = "SmartWMS.Android", "SmartWMS.Android\SmartWMS.Android.csproj", "{F44DD954-BC2E-43B3-AA98-B024F4DA7C87}"
EndProject
Project("{FAE04EC0-301F-11D3-BF4B-00C04F79EFBC}") = "SmartWMS.iOS", "SmartWMS.iOS\SmartWMS.iOS.csproj", "{37EDC760-D432-410D-9FC0-4C95884F6451}"
EndProject
Project("{9A19103F-16F7-4668-BE54-9A1E7A4F7556}") = "SmartWMS", "SmartWMS\SmartWMS.csproj", "{5B90B878-847C-40F8-AE00-24477A119B16}"
EndProject
Global
	GlobalSection(SolutionConfigurationPlatforms) = preSolution
		Debug|Any CPU = Debug|Any CPU
		Debug|iPhone = Debug|iPhone
		Debug|iPhoneSimulator = Debug|iPhoneSimulator
		Release|Any CPU = Release|Any CPU
		Release|iPhone = Release|iPhone
		Release|iPhoneSimulator = Release|iPhoneSimulator
	EndGlobalSection
	GlobalSection(ProjectConfigurationPlatforms) = postSolution
		{F44DD954-BC2E-43B3-AA98-B024F4DA7C87}.Debug|Any CPU.ActiveCfg = Debug|Any CPU
		{F44DD954-BC2E-43B3-AA98-B024F4DA7C87}.Debug|Any CPU.Build.0 = Debug|Any CPU
		{F44DD954-BC2E-43B3-AA98-B024F4DA7C87}.Debug|Any CPU.Deploy.0 = Debug|Any CPU
		{F44DD954-BC2E-43B3-AA98-B024F4DA7C87}.Debug|iPhone.ActiveCfg = Debug|Any CPU
		{F44DD954-BC2E-43B3-AA98-B024F4DA7C87}.Debug|iPhone.Build.0 = Debug|Any CPU
		{F44DD954-BC2E-43B3-AA98-B024F4DA7C87}.Debug|iPhoneSimulator.ActiveCfg = Debug|Any CPU
		{F44DD954-BC2E-43B3-AA98-B024F4DA7C87}.Debug|iPhoneSimulator.Build.0 = Debug|Any CPU
		{F44DD954-BC2E-43B3-AA98-B024F4DA7C87}.Release|Any CPU.ActiveCfg = Release|Any CPU
		{F44DD954-BC2E-43B3-AA98-B024F4DA7C87}.Release|Any CPU.Build.0 = Release|Any CPU
		{F44DD954-BC2E-43B3-AA98-B024F4DA7C87}.Release|iPhone.ActiveCfg = Release|Any CPU
		{F44DD954-BC2E-43B3-AA98-B024F4DA7C87}.Release|iPhone.Build.0 = Release|Any CPU
		{F44DD954-BC2E-43B3-AA98-B024F4DA7C87}.Release|iPhoneSimulator.ActiveCfg = Release|Any CPU
		{F44DD954-BC2E-43B3-AA98-B024F4DA7C87}.Release|iPhoneSimulator.Build.0 = Release|Any CPU
		{37EDC760-D432-410D-9FC0-4C95884F6451}.Debug|Any CPU.ActiveCfg = Debug|iPhoneSimulator
		{37EDC760-D432-410D-9FC0-4C95884F6451}.Debug|Any CPU.Build.0 = Debug|iPhoneSimulator
		{37EDC760-D432-410D-9FC0-4C95884F6451}.Debug|iPhone.ActiveCfg = Debug|iPhone
		{37EDC760-D432-410D-9FC0-4C95884F6451}.Debug|iPhone.Build.0 = Debug|iPhone
		{37EDC760-D432-410D-9FC0-4C95884F6451}.Debug|iPhoneSimulator.ActiveCfg = Debug|iPhoneSimulator
		{37EDC760-D432-410D-9FC0-4C95884F6451}.Debug|iPhoneSimulator.Build.0 = Debug|iPhoneSimulator
		{37EDC760-D432-410D-9FC0-4C95884F6451}.Release|Any CPU.ActiveCfg = Release|iPhoneSimulator
		{37EDC760-D432-410D-9FC0-4C95884F6451}.Release|Any CPU.Build.0 = Release|iPhoneSimulator
		{37EDC760-D432-410D-9FC0-4C95884F6451}.Release|iPhone.ActiveCfg = Release|iPhone
		{37EDC760-D432-410D-9FC0-4C95884F6451}.Release|iPhone.Build.0 = Release|iPhone
		{37EDC760-D432-410D-9FC0-4C95884F6451}.Release|iPhoneSimulator.ActiveCfg = Release|iPhoneSimulator
		{37EDC760-D432-410D-9FC0-4C95884F6451}.Release|iPhoneSimulator.Build.0 = Release|iPhoneSimulator
		{5B90B878-847C-40F8-AE00-24477A119B16}.Debug|Any CPU.ActiveCfg = Debug|Any CPU
		{5B90B878-847C-40F8-AE00-24477A119B16}.Debug|Any CPU.Build.0 = Debug|Any CPU
		{5B90B878-847C-40F8-AE00-24477A119B16}.Debug|iPhone.ActiveCfg = Debug|Any CPU
		{5B90B878-847C-40F8-AE00-24477A119B16}.Debug|iPhone.Build.0 = Debug|Any CPU
		{5B90B878-847C-40F8-AE00-24477A119B16}.Debug|iPhoneSimulator.ActiveCfg = Debug|Any CPU
		{5B90B878-847C-40F8-AE00-24477A119B16}.Debug|iPhoneSimulator.Build.0 = Debug|Any CPU
		{5B90B878-847C-40F8-AE00-24477A119B16}.Release|Any CPU.ActiveCfg = Release|Any CPU
		{5B90B878-847C-40F8-AE00-24477A119B16}.Release|Any CPU.Build.0 = Release|Any CPU
		{5B90B878-847C-40F8-AE00-24477A119B16}.Release|iPhone.ActiveCfg = Release|Any CPU
		{5B90B878-847C-40F8-AE00-24477A119B16}.Release|iPhone.Build.0 = Release|Any CPU
		{5B90B878-847C-40F8-AE00-24477A119B16}.Release|iPhoneSimulator.ActiveCfg = Release|Any CPU
		{5B90B878-847C-40F8-AE00-24477A119B16}.Release|iPhoneSimulator.Build.0 = Release|Any CPU
	EndGlobalSection
	GlobalSection(SolutionProperties) = preSolution
		HideSolutionNode = FALSE
	EndGlobalSection
	GlobalSection(ExtensibilityGlobals) = postSolution
		SolutionGuid = {5758CB5A-FA95-4C31-B3D0-CE8B003CD543}
	EndGlobalSection
EndGlobal
